
Microsoft Visual Studio Solution File, Format Version 12.00
# Visual Studio Version 17
VisualStudioVersion = 17.3.32929.385
MinimumVisualStudioVersion = 10.0.40219.1
Project("{9A19103F-16F7-4668-BE54-9A1E7A4F7556}") = "CompanyApp.Models", "CompanyApp.Models\CompanyApp.Models.csproj", "{CFCA5D54-1765-49E0-B78E-71BA95386E49}"
EndProject
Project("{9A19103F-16F7-4668-BE54-9A1E7A4F7556}") = "CompanyApp.Enums", "CompanyApp.Enums\CompanyApp.Enums.csproj", "{DAAEEDE2-884E-4BF1-B3CE-597F72A65397}"
EndProject
Project("{9A19103F-16F7-4668-BE54-9A1E7A4F7556}") = "CompanyApp.Dal", "CompanyApp.Dal\CompanyApp.Dal.csproj", "{7F02B2E2-22F4-455A-AFE5-B8816754FB65}"
EndProject
Project("{9A19103F-16F7-4668-BE54-9A1E7A4F7556}") = "CompanyApp.Tests", "CompanyApp.Tests\CompanyApp.Tests.csproj", "{A63A6B08-3309-4761-B3CC-A029A24D08B7}"
EndProject
Project("{9A19103F-16F7-4668-BE54-9A1E7A4F7556}") = "CompanyApp.UI", "CompanyApp.UI\CompanyApp.UI.csproj", "{5B5275D1-2435-40C4-8CB0-29305AFD6DEC}"
EndProject
Project("{FAE04EC0-301F-11D3-BF4B-00C04F79EFBC}") = "TestWpfApp", "TestWpfApp\TestWpfApp.csproj", "{EB2AFBC8-0BCA-45E1-8A73-71F5714DB61D}"
EndProject
Global
	GlobalSection(SolutionConfigurationPlatforms) = preSolution
		Debug|Any CPU = Debug|Any CPU
		Release|Any CPU = Release|Any CPU
	EndGlobalSection
	GlobalSection(ProjectConfigurationPlatforms) = postSolution
		{CFCA5D54-1765-49E0-B78E-71BA95386E49}.Debug|Any CPU.ActiveCfg = Debug|Any CPU
		{CFCA5D54-1765-49E0-B78E-71BA95386E49}.Debug|Any CPU.Build.0 = Debug|Any CPU
		{CFCA5D54-1765-49E0-B78E-71BA95386E49}.Release|Any CPU.ActiveCfg = Release|Any CPU
		{CFCA5D54-1765-49E0-B78E-71BA95386E49}.Release|Any CPU.Build.0 = Release|Any CPU
		{DAAEEDE2-884E-4BF1-B3CE-597F72A65397}.Debug|Any CPU.ActiveCfg = Debug|Any CPU
		{DAAEEDE2-884E-4BF1-B3CE-597F72A65397}.Debug|Any CPU.Build.0 = Debug|Any CPU
		{DAAEEDE2-884E-4BF1-B3CE-597F72A65397}.Release|Any CPU.ActiveCfg = Release|Any CPU
		{DAAEEDE2-884E-4BF1-B3CE-597F72A65397}.Release|Any CPU.Build.0 = Release|Any CPU
		{7F02B2E2-22F4-455A-AFE5-B8816754FB65}.Debug|Any CPU.ActiveCfg = Debug|Any CPU
		{7F02B2E2-22F4-455A-AFE5-B8816754FB65}.Debug|Any CPU.Build.0 = Debug|Any CPU
		{7F02B2E2-22F4-455A-AFE5-B8816754FB65}.Release|Any CPU.ActiveCfg = Release|Any CPU
		{7F02B2E2-22F4-455A-AFE5-B8816754FB65}.Release|Any CPU.Build.0 = Release|Any CPU
		{A63A6B08-3309-4761-B3CC-A029A24D08B7}.Debug|Any CPU.ActiveCfg = Debug|Any CPU
		{A63A6B08-3309-4761-B3CC-A029A24D08B7}.Debug|Any CPU.Build.0 = Debug|Any CPU
		{A63A6B08-3309-4761-B3CC-A029A24D08B7}.Release|Any CPU.ActiveCfg = Release|Any CPU
		{A63A6B08-3309-4761-B3CC-A029A24D08B7}.Release|Any CPU.Build.0 = Release|Any CPU
		{5B5275D1-2435-40C4-8CB0-29305AFD6DEC}.Debug|Any CPU.ActiveCfg = Debug|Any CPU
		{5B5275D1-2435-40C4-8CB0-29305AFD6DEC}.Debug|Any CPU.Build.0 = Debug|Any CPU
		{5B5275D1-2435-40C4-8CB0-29305AFD6DEC}.Release|Any CPU.ActiveCfg = Release|Any CPU
		{5B5275D1-2435-40C4-8CB0-29305AFD6DEC}.Release|Any CPU.Build.0 = Release|Any CPU
		{EB2AFBC8-0BCA-45E1-8A73-71F5714DB61D}.Debug|Any CPU.ActiveCfg = Debug|Any CPU
		{EB2AFBC8-0BCA-45E1-8A73-71F5714DB61D}.Debug|Any CPU.Build.0 = Debug|Any CPU
		{EB2AFBC8-0BCA-45E1-8A73-71F5714DB61D}.Release|Any CPU.ActiveCfg = Release|Any CPU
		{EB2AFBC8-0BCA-45E1-8A73-71F5714DB61D}.Release|Any CPU.Build.0 = Release|Any CPU
	EndGlobalSection
	GlobalSection(SolutionProperties) = preSolution
		HideSolutionNode = FALSE
	EndGlobalSection
	GlobalSection(ExtensibilityGlobals) = postSolution
		SolutionGuid = {4C228118-DA09-4EE6-9A39-C2770D524130}
	EndGlobalSection
EndGlobal
